
Microsoft Visual Studio Solution File, Format Version 12.00
# Visual Studio Version 17
VisualStudioVersion = 17.14.36811.4 d17.14
MinimumVisualStudioVersion = 10.0.40219.1
Project("{FAE04EC0-301F-11D3-BF4B-00C04F79EFBC}") = "DiplomaProjects", "DiplomaProjects\DiplomaProjects.csproj", "{6CAF3380-92F8-4BEE-883B-41942586D224}"
EndProject
Global
	GlobalSection(SolutionConfigurationPlatforms) = preSolution
		Debug|Any CPU = Debug|Any CPU
		Release|Any CPU = Release|Any CPU
	EndGlobalSection
	GlobalSection(ProjectConfigurationPlatforms) = postSolution
		{6CAF3380-92F8-4BEE-883B-41942586D224}.Debug|Any CPU.ActiveCfg = Debug|Any CPU
		{6CAF3380-92F8-4BEE-883B-41942586D224}.Debug|Any CPU.Build.0 = Debug|Any CPU
		{6CAF3380-92F8-4BEE-883B-41942586D224}.Release|Any CPU.ActiveCfg = Release|Any CPU
		{6CAF3380-92F8-4BEE-883B-41942586D224}.Release|Any CPU.Build.0 = Release|Any CPU
	EndGlobalSection
	GlobalSection(SolutionProperties) = preSolution
		HideSolutionNode = FALSE
	EndGlobalSection
	GlobalSection(ExtensibilityGlobals) = postSolution
		SolutionGuid = {F402B2CF-B8B5-4DBB-B10A-D039F0CEF26C}
	EndGlobalSection
EndGlobal
